PODS:
  - Nimble (7.0.3)
  - SnapKit (4.0.0)

DEPENDENCIES:
  - Nimble (~> 7.0.0)
  - SnapKit

SPEC REPOS:
  https://github.com/cocoapods/specs.git:
    - Nimble
    - SnapKit

SPEC CHECKSUMS:
  Nimble: 7f5a9c447a33002645a071bddafbfb24ea70e0ac
  SnapKit: a42d492c16e80209130a3379f73596c3454b7694

PODFILE CHECKSUM: cdc3096e4087d897798ee0bc20a1d2e6c1c0ae22

COCOAPODS: 1.5.3
