// !$*UTF8*$!
{
	archiveVersion = 1;
	classes = {
	};
	objectVersion = 50;
	objects = {

/* Begin PBXBuildFile section */
		BA650AD3210C4BC000B1AAD7 /* Entry.swift in Sources */ = {isa = PBXBuildFile; fileRef = BA650AD2210C4BC000B1AAD7 /* Entry.swift */; };
		BA650AD5210C54C400B1AAD7 /* EntryRepository.swift in Sources */ = {isa = PBXBuildFile; fileRef = BA650AD4210C54C400B1AAD7 /* EntryRepository.swift */; };
		BA650ADD210C57D800B1AAD7 /* EverydayTests.swift in Sources */ = {isa = PBXBuildFile; fileRef = BA650ADC210C57D800B1AAD7 /* EverydayTests.swift */; };
		BA6B2040210B477F00519C35 /* AppDelegate.swift in Sources */ = {isa = PBXBuildFile; fileRef = BA6B203F210B477F00519C35 /* AppDelegate.swift */; };
		BA6B2042210B477F00519C35 /* ViewController.swift in Sources */ = {isa = PBXBuildFile; fileRef = BA6B2041210B477F00519C35 /* ViewController.swift */; };
		BA6B2045210B477F00519C35 /* Main.storyboard in Resources */ = {isa = PBXBuildFile; fileRef = BA6B2043210B477F00519C35 /* Main.storyboard */; };
		BA6B2047210B478000519C35 /* Assets.xcassets in Resources */ = {isa = PBXBuildFile; fileRef = BA6B2046210B478000519C35 /* Assets.xcassets */; };
		BA6B204A210B478000519C35 /* LaunchScreen.storyboard in Resources */ = {isa = PBXBuildFile; fileRef = BA6B2048210B478000519C35 /* LaunchScreen.storyboard */; };
/* End PBXBuildFile section */

/* Begin PBXContainerItemProxy section */
		BA650ADF210C57D800B1AAD7 /* PBXContainerItemProxy */ = {
			isa = PBXContainerItemProxy;
			containerPortal = BA6B2034210B477F00519C35 /* Project object */;
			proxyType = 1;
			remoteGlobalIDString = BA6B203B210B477F00519C35;
			remoteInfo = Everyday;
		};
/* End PBXContainerItemProxy section */

/* Begin PBXFileReference section */
		BA650AD2210C4BC000B1AAD7 /* Entry.swift */ = {isa = PBXFileReference; lastKnownFileType = sourcecode.swift; path = Entry.swift; sourceTree = "<group>"; };
		BA650AD4210C54C400B1AAD7 /* EntryRepository.swift */ = {isa = PBXFileReference; lastKnownFileType = sourcecode.swift; path = EntryRepository.swift; sourceTree = "<group>"; };
		BA650ADA210C57D800B1AAD7 /* EverydayTests.xctest */ = {isa = PBXFileReference; explicitFileType = wrapper.cfbundle; includeInIndex = 0; path = EverydayTests.xctest; sourceTree = BUILT_PRODUCTS_DIR; };
		BA650ADC210C57D800B1AAD7 /* EverydayTests.swift */ = {isa = PBXFileReference; lastKnownFileType = sourcecode.swift; path = EverydayTests.swift; sourceTree = "<group>"; };
		BA650ADE210C57D800B1AAD7 /* Info.plist */ = {isa = PBXFileReference; lastKnownFileType = text.plist.xml; path = Info.plist; sourceTree = "<group>"; };
		BA6B203C210B477F00519C35 /* Everyday.app */ = {isa = PBXFileReference; explicitFileType = wrapper.application; includeInIndex = 0; path = Everyday.app; sourceTree = BUILT_PRODUCTS_DIR; };
		BA6B203F210B477F00519C35 /* AppDelegate.swift */ = {isa = PBXFileReference; lastKnownFileType = sourcecode.swift; path = AppDelegate.swift; sourceTree = "<group>"; };
		BA6B2041210B477F00519C35 /* ViewController.swift */ = {isa = PBXFileReference; lastKnownFileType = sourcecode.swift; path = ViewController.swift; sourceTree = "<group>"; };
		BA6B2044210B477F00519C35 /* Base */ = {isa = PBXFileReference; lastKnownFileType = file.storyboard; name = Base; path = Base.lproj/Main.storyboard; sourceTree = "<group>"; };
		BA6B2046210B478000519C35 /* Assets.xcassets */ = {isa = PBXFileReference; lastKnownFileType = folder.assetcatalog; path = Assets.xcassets; sourceTree = "<group>"; };
		BA6B2049210B478000519C35 /* Base */ = {isa = PBXFileReference; lastKnownFileType = file.storyboard; name = Base; path = Base.lproj/LaunchScreen.storyboard; sourceTree = "<group>"; };
		BA6B204B210B478000519C35 /* Info.plist */ = {isa = PBXFileReference; lastKnownFileType = text.plist.xml; path = Info.plist; sourceTree = "<group>"; };
/* End PBXFileReference section */

/* Begin PBXFrameworksBuildPhase section */
		BA650AD7210C57D800B1AAD7 /* Frameworks */ = {
			isa = PBXFrameworksBuildPhase;
			buildActionMask = 2147483647;
			files = (
			);
			runOnlyForDeploymentPostprocessing = 0;
		};
		BA6B2039210B477F00519C35 /* Frameworks */ = {
			isa = PBXFrameworksBuildPhase;
			buildActionMask = 2147483647;
			files = (
			);
			runOnlyForDeploymentPostprocessing = 0;
		};
/* End PBXFrameworksBuildPhase section */

/* Begin PBXGroup section */
		BA650AD1210C4B5800B1AAD7 /* Model */ = {
			isa = PBXGroup;
			children = (
				BA650AD2210C4BC000B1AAD7 /* Entry.swift */,
				BA650AD4210C54C400B1AAD7 /* EntryRepository.swift */,
			);
			path = Model;
			sourceTree = "<group>";
		};
		BA650ADB210C57D800B1AAD7 /* EverydayTests */ = {
			isa = PBXGroup;
			children = (
				BA650ADC210C57D800B1AAD7 /* EverydayTests.swift */,
				BA650ADE210C57D800B1AAD7 /* Info.plist */,
			);
			path = EverydayTests;
			sourceTree = "<group>";
		};
		BA6B2033210B477F00519C35 = {
			isa = PBXGroup;
			children = (
				BA6B203E210B477F00519C35 /* Everyday */,
				BA650ADB210C57D800B1AAD7 /* EverydayTests */,
				BA6B203D210B477F00519C35 /* Products */,
			);
			sourceTree = "<group>";
		};
		BA6B203D210B477F00519C35 /* Products */ = {
			isa = PBXGroup;
			children = (
				BA6B203C210B477F00519C35 /* Everyday.app */,
				BA650ADA210C57D800B1AAD7 /* EverydayTests.xctest */,
			);
			name = Products;
			sourceTree = "<group>";
		};
		BA6B203E210B477F00519C35 /* Everyday */ = {
			isa = PBXGroup;
			children = (
				BA6B2051210B47B400519C35 /* Sources */,
				BA6B2052210B47C700519C35 /* Storyboards */,
				BA6B2053210B47DC00519C35 /* Resources */,
			);
			path = Everyday;
			sourceTree = "<group>";
		};
		BA6B2051210B47B400519C35 /* Sources */ = {
			isa = PBXGroup;
			children = (
				BA650AD1210C4B5800B1AAD7 /* Model */,
				BA6B2055210B482C00519C35 /* Shared */,
				BA6B2054210B482300519C35 /* Controllers */,
			);
			path = Sources;
			sourceTree = "<group>";
		};
		BA6B2052210B47C700519C35 /* Storyboards */ = {
			isa = PBXGroup;
			children = (
				BA6B2043210B477F00519C35 /* Main.storyboard */,
				BA6B2048210B478000519C35 /* LaunchScreen.storyboard */,
			);
			path = Storyboards;
			sourceTree = "<group>";
		};
		BA6B2053210B47DC00519C35 /* Resources */ = {
			isa = PBXGroup;
			children = (
				BA6B2046210B478000519C35 /* Assets.xcassets */,
				BA6B204B210B478000519C35 /* Info.plist */,
			);
			path = Resources;
			sourceTree = "<group>";
		};
		BA6B2054210B482300519C35 /* Controllers */ = {
			isa = PBXGroup;
			children = (
				BA6B2041210B477F00519C35 /* ViewController.swift */,
			);
			path = Controllers;
			sourceTree = "<group>";
		};
		BA6B2055210B482C00519C35 /* Shared */ = {
			isa = PBXGroup;
			children = (
				BA6B203F210B477F00519C35 /* AppDelegate.swift */,
			);
			path = Shared;
			sourceTree = "<group>";
		};
/* End PBXGroup section */

/* Begin PBXNativeTarget section */
		BA650AD9210C57D800B1AAD7 /* EverydayTests */ = {
			isa = PBXNativeTarget;
			buildConfigurationList = BA650AE1210C57D800B1AAD7 /* Build configuration list for PBXNativeTarget "EverydayTests" */;
			buildPhases = (
				BA650AD6210C57D800B1AAD7 /* Sources */,
				BA650AD7210C57D800B1AAD7 /* Frameworks */,
				BA650AD8210C57D800B1AAD7 /* Resources */,
			);
			buildRules = (
			);
			dependencies = (
				BA650AE0210C57D800B1AAD7 /* PBXTargetDependency */,
			);
			name = EverydayTests;
			productName = EverydayTests;
			productReference = BA650ADA210C57D800B1AAD7 /* EverydayTests.xctest */;
			productType = "com.apple.product-type.bundle.unit-test";
		};
		BA6B203B210B477F00519C35 /* Everyday */ = {
			isa = PBXNativeTarget;
			buildConfigurationList = BA6B204E210B478000519C35 /* Build configuration list for PBXNativeTarget "Everyday" */;
			buildPhases = (
				BA6B2038210B477F00519C35 /* Sources */,
				BA6B2039210B477F00519C35 /* Frameworks */,
				BA6B203A210B477F00519C35 /* Resources */,
			);
			buildRules = (
			);
			dependencies = (
			);
			name = Everyday;
			productName = Everyday;
			productReference = BA6B203C210B477F00519C35 /* Everyday.app */;
			productType = "com.apple.product-type.application";
		};
/* End PBXNativeTarget section */

/* Begin PBXProject section */
		BA6B2034210B477F00519C35 /* Project object */ = {
			isa = PBXProject;
			attributes = {
				LastSwiftUpdateCheck = 0940;
				LastUpgradeCheck = 0940;
				ORGANIZATIONNAME = ksjung;
				TargetAttributes = {
					BA650AD9210C57D800B1AAD7 = {
						CreatedOnToolsVersion = 9.4.1;
						TestTargetID = BA6B203B210B477F00519C35;
					};
					BA6B203B210B477F00519C35 = {
						CreatedOnToolsVersion = 9.4.1;
					};
				};
			};
			buildConfigurationList = BA6B2037210B477F00519C35 /* Build configuration list for PBXProject "Everyday" */;
			compatibilityVersion = "Xcode 9.3";
			developmentRegion = en;
			hasScannedForEncodings = 0;
			knownRegions = (
				en,
				Base,
			);
			mainGroup = BA6B2033210B477F00519C35;
			productRefGroup = BA6B203D210B477F00519C35 /* Products */;
			projectDirPath = "";
			projectRoot = "";
			targets = (
				BA6B203B210B477F00519C35 /* Everyday */,
				BA650AD9210C57D800B1AAD7 /* EverydayTests */,
			);
		};
/* End PBXProject section */

/* Begin PBXResourcesBuildPhase section */
		BA650AD8210C57D800B1AAD7 /* Resources */ = {
			isa = PBXResourcesBuildPhase;
			buildActionMask = 2147483647;
			files = (
			);
			runOnlyForDeploymentPostprocessing = 0;
		};
		BA6B203A210B477F00519C35 /* Resources */ = {
			isa = PBXResourcesBuildPhase;
			buildActionMask = 2147483647;
			files = (
				BA6B204A210B478000519C35 /* LaunchScreen.storyboard in Resources */,
				BA6B2047210B478000519C35 /* Assets.xcassets in Resources */,
				BA6B2045210B477F00519C35 /* Main.storyboard in Resources */,
			);
			runOnlyForDeploymentPostprocessing = 0;
		};
/* End PBXResourcesBuildPhase section */

/* Begin PBXSourcesBuildPhase section */
		BA650AD6210C57D800B1AAD7 /* Sources */ = {
			isa = PBXSourcesBuildPhase;
			buildActionMask = 2147483647;
			files = (
				BA650ADD210C57D800B1AAD7 /* EverydayTests.swift in Sources */,
			);
			runOnlyForDeploymentPostprocessing = 0;
		};
		BA6B2038210B477F00519C35 /* Sources */ = {
			isa = PBXSourcesBuildPhase;
			buildActionMask = 2147483647;
			files = (
				BA650AD3210C4BC000B1AAD7 /* Entry.swift in Sources */,
				BA6B2042210B477F00519C35 /* ViewController.swift in Sources */,
				BA650AD5210C54C400B1AAD7 /* EntryRepository.swift in Sources */,
				BA6B2040210B477F00519C35 /* AppDelegate.swift in Sources */,
			);
			runOnlyForDeploymentPostprocessing = 0;
		};
/* End PBXSourcesBuildPhase section */

/* Begin PBXTargetDependency section */
		BA650AE0210C57D800B1AAD7 /* PBXTargetDependency */ = {
			isa = PBXTargetDependency;
			target = BA6B203B210B477F00519C35 /* Everyday */;
			targetProxy = BA650ADF210C57D800B1AAD7 /* PBXContainerItemProxy */;
		};
/* End PBXTargetDependency section */

/* Begin PBXVariantGroup section */
		BA6B2043210B477F00519C35 /* Main.storyboard */ = {
			isa = PBXVariantGroup;
			children = (
				BA6B2044210B477F00519C35 /* Base */,
			);
			name = Main.storyboard;
			sourceTree = "<group>";
		};
		BA6B2048210B478000519C35 /* LaunchScreen.storyboard */ = {
			isa = PBXVariantGroup;
			children = (
				BA6B2049210B478000519C35 /* Base */,
			);
			name = LaunchScreen.storyboard;
			sourceTree = "<group>";
		};
/* End PBXVariantGroup section */

/* Begin XCBuildConfiguration section */
		BA650AE2210C57D800B1AAD7 /* Debug */ = {
			isa = XCBuildConfiguration;
			buildSettings = {
				BUNDLE_LOADER = "$(TEST_HOST)";
				CODE_SIGN_STYLE = Automatic;
				INFOPLIST_FILE = EverydayTests/Info.plist;
				LD_RUNPATH_SEARCH_PATHS = (
					"$(inherited)",
					"@executable_path/Frameworks",
					"@loader_path/Frameworks",
				);
				PRODUCT_BUNDLE_IDENTIFIER = ksjung.EverydayTests;
				PRODUCT_NAME = "$(TARGET_NAME)";
				SWIFT_VERSION = 4.0;
				TARGETED_DEVICE_FAMILY = "1,2";
				TEST_HOST = "$(BUILT_PRODUCTS_DIR)/Everyday.app/Everyday";
			};
			name = Debug;
		};
		BA650AE3210C57D800B1AAD7 /* Release */ = {
			isa = XCBuildConfiguration;
			buildSettings = {
				BUNDLE_LOADER = "$(TEST_HOST)";
				CODE_SIGN_STYLE = Automatic;
				INFOPLIST_FILE = EverydayTests/Info.plist;
				LD_RUNPATH_SEARCH_PATHS = (
					"$(inherited)",
					"@executable_path/Frameworks",
					"@loader_path/Frameworks",
				);
				PRODUCT_BUNDLE_IDENTIFIER = ksjung.EverydayTests;
				PRODUCT_NAME = "$(TARGET_NAME)";
				SWIFT_VERSION = 4.0;
				TARGETED_DEVICE_FAMILY = "1,2";
				TEST_HOST = "$(BUILT_PRODUCTS_DIR)/Everyday.app/Everyday";
			};
			name = Release;
		};
		BA6B204C210B478000519C35 /* Debug */ = {
			isa = XCBuildConfiguration;
			buildSettings = {
				ALWAYS_SEARCH_USER_PATHS = NO;
				CLANG_ANALYZER_NONNULL = YES;
				CLANG_ANALYZER_NUMBER_OBJECT_CONVERSION = YES_AGGRESSIVE;
				CLANG_CXX_LANGUAGE_STANDARD = "gnu++14";
				CLANG_CXX_LIBRARY = "libc++";
				CLANG_ENABLE_MODULES = YES;
				CLANG_ENABLE_OBJC_ARC = YES;
				CLANG_ENABLE_OBJC_WEAK = YES;
				CLANG_WARN_BLOCK_CAPTURE_AUTORELEASING = YES;
				CLANG_WARN_BOOL_CONVERSION = YES;
				CLANG_WARN_COMMA = YES;
				CLANG_WARN_CONSTANT_CONVERSION = YES;
				CLANG_WARN_DEPRECATED_OBJC_IMPLEMENTATIONS = YES;
				CLANG_WARN_DIRECT_OBJC_ISA_USAGE = YES_ERROR;
				CLANG_WARN_DOCUMENTATION_COMMENTS = YES;
				CLANG_WARN_EMPTY_BODY = YES;
				CLANG_WARN_ENUM_CONVERSION = YES;
				CLANG_WARN_INFINITE_RECURSION = YES;
				CLANG_WARN_INT_CONVERSION = YES;
				CLANG_WARN_NON_LITERAL_NULL_CONVERSION = YES;
				CLANG_WARN_OBJC_IMPLICIT_RETAIN_SELF = YES;
				CLANG_WARN_OBJC_LITERAL_CONVERSION = YES;
				CLANG_WARN_OBJC_ROOT_CLASS = YES_ERROR;
				CLANG_WARN_RANGE_LOOP_ANALYSIS = YES;
				CLANG_WARN_STRICT_PROTOTYPES = YES;
				CLANG_WARN_SUSPICIOUS_MOVE = YES;
				CLANG_WARN_UNGUARDED_AVAILABILITY = YES_AGGRESSIVE;
				CLANG_WARN_UNREACHABLE_CODE = YES;
				CLANG_WARN__DUPLICATE_METHOD_MATCH = YES;
				CODE_SIGN_IDENTITY = "iPhone Developer";
				COPY_PHASE_STRIP = NO;
				DEBUG_INFORMATION_FORMAT = dwarf;
				ENABLE_STRICT_OBJC_MSGSEND = YES;
				ENABLE_TESTABILITY = YES;
				GCC_C_LANGUAGE_STANDARD = gnu11;
				GCC_DYNAMIC_NO_PIC = NO;
				GCC_NO_COMMON_BLOCKS = YES;
				GCC_OPTIMIZATION_LEVEL = 0;
				GCC_PREPROCESSOR_DEFINITIONS = (
					"DEBUG=1",
					"$(inherited)",
				);
				GCC_WARN_64_TO_32_BIT_CONVERSION = YES;
				GCC_WARN_ABOUT_RETURN_TYPE = YES_ERROR;
				GCC_WARN_UNDECLARED_SELECTOR = YES;
				GCC_WARN_UNINITIALIZED_AUTOS = YES_AGGRESSIVE;
				GCC_WARN_UNUSED_FUNCTION = YES;
				GCC_WARN_UNUSED_VARIABLE = YES;
				IPHONEOS_DEPLOYMENT_TARGET = 11.4;
				MTL_ENABLE_DEBUG_INFO = YES;
				ONLY_ACTIVE_ARCH = YES;
				SDKROOT = iphoneos;
				SWIFT_ACTIVE_COMPILATION_CONDITIONS = DEBUG;
				SWIFT_OPTIMIZATION_LEVEL = "-Onone";
			};
			name = Debug;
		};
		BA6B204D210B478000519C35 /* Release */ = {
			isa = XCBuildConfiguration;
			buildSettings = {
				ALWAYS_SEARCH_USER_PATHS = NO;
				CLANG_ANALYZER_NONNULL = YES;
				CLANG_ANALYZER_NUMBER_OBJECT_CONVERSION = YES_AGGRESSIVE;
				CLANG_CXX_LANGUAGE_STANDARD = "gnu++14";
				CLANG_CXX_LIBRARY = "libc++";
				CLANG_ENABLE_MODULES = YES;
				CLANG_ENABLE_OBJC_ARC = YES;
				CLANG_ENABLE_OBJC_WEAK = YES;
				CLANG_WARN_BLOCK_CAPTURE_AUTORELEASING = YES;
				CLANG_WARN_BOOL_CONVERSION = YES;
				CLANG_WARN_COMMA = YES;
				CLANG_WARN_CONSTANT_CONVERSION = YES;
				CLANG_WARN_DEPRECATED_OBJC_IMPLEMENTATIONS = YES;
				CLANG_WARN_DIRECT_OBJC_ISA_USAGE = YES_ERROR;
				CLANG_WARN_DOCUMENTATION_COMMENTS = YES;
				CLANG_WARN_EMPTY_BODY = YES;
				CLANG_WARN_ENUM_CONVERSION = YES;
				CLANG_WARN_INFINITE_RECURSION = YES;
				CLANG_WARN_INT_CONVERSION = YES;
				CLANG_WARN_NON_LITERAL_NULL_CONVERSION = YES;
				CLANG_WARN_OBJC_IMPLICIT_RETAIN_SELF = YES;
				CLANG_WARN_OBJC_LITERAL_CONVERSION = YES;
				CLANG_WARN_OBJC_ROOT_CLASS = YES_ERROR;
				CLANG_WARN_RANGE_LOOP_ANALYSIS = YES;
				CLANG_WARN_STRICT_PROTOTYPES = YES;
				CLANG_WARN_SUSPICIOUS_MOVE = YES;
				CLANG_WARN_UNGUARDED_AVAILABILITY = YES_AGGRESSIVE;
				CLANG_WARN_UNREACHABLE_CODE = YES;
				CLANG_WARN__DUPLICATE_METHOD_MATCH = YES;
				CODE_SIGN_IDENTITY = "iPhone Developer";
				COPY_PHASE_STRIP = NO;
				DEBUG_INFORMATION_FORMAT = "dwarf-with-dsym";
				ENABLE_NS_ASSERTIONS = NO;
				ENABLE_STRICT_OBJC_MSGSEND = YES;
				GCC_C_LANGUAGE_STANDARD = gnu11;
				GCC_NO_COMMON_BLOCKS = YES;
				GCC_WARN_64_TO_32_BIT_CONVERSION = YES;
				GCC_WARN_ABOUT_RETURN_TYPE = YES_ERROR;
				GCC_WARN_UNDECLARED_SELECTOR = YES;
				GCC_WARN_UNINITIALIZED_AUTOS = YES_AGGRESSIVE;
				GCC_WARN_UNUSED_FUNCTION = YES;
				GCC_WARN_UNUSED_VARIABLE = YES;
				IPHONEOS_DEPLOYMENT_TARGET = 11.4;
				MTL_ENABLE_DEBUG_INFO = NO;
				SDKROOT = iphoneos;
				SWIFT_COMPILATION_MODE = wholemodule;
				SWIFT_OPTIMIZATION_LEVEL = "-O";
				VALIDATE_PRODUCT = YES;
			};
			name = Release;
		};
		BA6B204F210B478000519C35 /* Debug */ = {
			isa = XCBuildConfiguration;
			buildSettings = {
				ASSETCATALOG_COMPILER_APPICON_NAME = AppIcon;
				CODE_SIGN_STYLE = Automatic;
				INFOPLIST_FILE = "$(SRCROOT)/Everyday/Resources/Info.plist";
				LD_RUNPATH_SEARCH_PATHS = (
					"$(inherited)",
					"@executable_path/Frameworks",
				);
				PRODUCT_BUNDLE_IDENTIFIER = ksjung.Everyday;
				PRODUCT_NAME = "$(TARGET_NAME)";
				SWIFT_VERSION = 4.0;
				TARGETED_DEVICE_FAMILY = "1,2";
			};
			name = Debug;
		};
		BA6B2050210B478000519C35 /* Release */ = {
			isa = XCBuildConfiguration;
			buildSettings = {
				ASSETCATALOG_COMPILER_APPICON_NAME = AppIcon;
				CODE_SIGN_STYLE = Automatic;
				INFOPLIST_FILE = "$(SRCROOT)/Everyday/Resources/Info.plist";
				LD_RUNPATH_SEARCH_PATHS = (
					"$(inherited)",
					"@executable_path/Frameworks",
				);
				PRODUCT_BUNDLE_IDENTIFIER = ksjung.Everyday;
				PRODUCT_NAME = "$(TARGET_NAME)";
				SWIFT_VERSION = 4.0;
				TARGETED_DEVICE_FAMILY = "1,2";
			};
			name = Release;
		};
/* End XCBuildConfiguration section */

/* Begin XCConfigurationList section */
		BA650AE1210C57D800B1AAD7 /* Build configuration list for PBXNativeTarget "EverydayTests" */ = {
			isa = XCConfigurationList;
			buildConfigurations = (
				BA650AE2210C57D800B1AAD7 /* Debug */,
				BA650AE3210C57D800B1AAD7 /* Release */,
			);
			defaultConfigurationIsVisible = 0;
			defaultConfigurationName = Release;
		};
		BA6B2037210B477F00519C35 /* Build configuration list for PBXProject "Everyday" */ = {
			isa = XCConfigurationList;
			buildConfigurations = (
				BA6B204C210B478000519C35 /* Debug */,
				BA6B204D210B478000519C35 /* Release */,
			);
			defaultConfigurationIsVisible = 0;
			defaultConfigurationName = Release;
		};
		BA6B204E210B478000519C35 /* Build configuration list for PBXNativeTarget "Everyday" */ = {
			isa = XCConfigurationList;
			buildConfigurations = (
				BA6B204F210B478000519C35 /* Debug */,
				BA6B2050210B478000519C35 /* Release */,
			);
			defaultConfigurationIsVisible = 0;
			defaultConfigurationName = Release;
		};
/* End XCConfigurationList section */
	};
	rootObject = BA6B2034210B477F00519C35 /* Project object */;
}
