// !$*UTF8*$!
{
	archiveVersion = 1;
	classes = {
	};
	objectVersion = 50;
	objects = {

/* Begin PBXBuildFile section */
		7E7686727271753CD928219C /* Pods_Everyday.framework in Frameworks */ = {isa = PBXBuildFile; fileRef = 0C5CF046CCE5EF71F77293F3 /* Pods_Everyday.framework */; };
		AE923928ED27132A63F57045 /* Pods_EverydayTests.framework in Frameworks */ = {isa = PBXBuildFile; fileRef = E727F37A0864021547CC1109 /* Pods_EverydayTests.framework */; };
		BA082D922127AE2E00AA7EE5 /* TimelineViewController.swift in Sources */ = {isa = PBXBuildFile; fileRef = BA082D912127AE2E00AA7EE5 /* TimelineViewController.swift */; };
		BA082D982127BA8D00AA7EE5 /* Environment.swift in Sources */ = {isa = PBXBuildFile; fileRef = BA082D972127BA8D00AA7EE5 /* Environment.swift */; };
		BA19F96F213A1A99002449AC /* RealmEntryRepository.swift in Sources */ = {isa = PBXBuildFile; fileRef = BA19F96E213A1A99002449AC /* RealmEntryRepository.swift */; };
		BA3BF8C3213126D700D6DBC5 /* SettingsTableViewController.swift in Sources */ = {isa = PBXBuildFile; fileRef = BA3BF8C2213126D700D6DBC5 /* SettingsTableViewController.swift */; };
		BA3BF8C52131276C00D6DBC5 /* SettingsTableViewViewModel.swift in Sources */ = {isa = PBXBuildFile; fileRef = BA3BF8C42131276C00D6DBC5 /* SettingsTableViewViewModel.swift */; };
		BA3BF8C7213128AF00D6DBC5 /* Settings.swift in Sources */ = {isa = PBXBuildFile; fileRef = BA3BF8C6213128AF00D6DBC5 /* Settings.swift */; };
		BA650AD3210C4BC000B1AAD7 /* Entry.swift in Sources */ = {isa = PBXBuildFile; fileRef = BA650AD2210C4BC000B1AAD7 /* Entry.swift */; };
		BA650AD5210C54C400B1AAD7 /* EntryRepository.swift in Sources */ = {isa = PBXBuildFile; fileRef = BA650AD4210C54C400B1AAD7 /* EntryRepository.swift */; };
		BA650ADD210C57D800B1AAD7 /* EverydayTests.swift in Sources */ = {isa = PBXBuildFile; fileRef = BA650ADC210C57D800B1AAD7 /* EverydayTests.swift */; };
		BA650AE5211540E700B1AAD7 /* Identifiable.swift in Sources */ = {isa = PBXBuildFile; fileRef = BA650AE4211540E700B1AAD7 /* Identifiable.swift */; };
		BA6B2040210B477F00519C35 /* AppDelegate.swift in Sources */ = {isa = PBXBuildFile; fileRef = BA6B203F210B477F00519C35 /* AppDelegate.swift */; };
		BA6B2042210B477F00519C35 /* EntryViewController.swift in Sources */ = {isa = PBXBuildFile; fileRef = BA6B2041210B477F00519C35 /* EntryViewController.swift */; };
		BA6B2045210B477F00519C35 /* Main.storyboard in Resources */ = {isa = PBXBuildFile; fileRef = BA6B2043210B477F00519C35 /* Main.storyboard */; };
		BA6B204A210B478000519C35 /* LaunchScreen.storyboard in Resources */ = {isa = PBXBuildFile; fileRef = BA6B2048210B478000519C35 /* LaunchScreen.storyboard */; };
		BA9ED6FE211EC65F00155C20 /* UIKit+Everyday.swift in Sources */ = {isa = PBXBuildFile; fileRef = BA9ED6FD211EC65F00155C20 /* UIKit+Everyday.swift */; };
		BA9ED702211ECA4D00155C20 /* Assets.xcassets in Resources */ = {isa = PBXBuildFile; fileRef = BA9ED701211ECA4D00155C20 /* Assets.xcassets */; };
		BAA9BA612127F9A0000D5C54 /* EntryTableViewCell.swift in Sources */ = {isa = PBXBuildFile; fileRef = BAA9BA602127F9A0000D5C54 /* EntryTableViewCell.swift */; };
		BAA9BA632127FEDB000D5C54 /* Foundation+Journal.swift in Sources */ = {isa = PBXBuildFile; fileRef = BAA9BA622127FEDB000D5C54 /* Foundation+Journal.swift */; };
		BABF1FB02130E642009ED278 /* EntryViewViewModel.swift in Sources */ = {isa = PBXBuildFile; fileRef = BABF1FAF2130E642009ED278 /* EntryViewViewModel.swift */; };
		BABF1FB22130E75B009ED278 /* EntryViewViewModelTests.swift in Sources */ = {isa = PBXBuildFile; fileRef = BABF1FB12130E75B009ED278 /* EntryViewViewModelTests.swift */; };
		BABF1FB421310192009ED278 /* TimelineViewViewModel.swift in Sources */ = {isa = PBXBuildFile; fileRef = BABF1FB321310192009ED278 /* TimelineViewViewModel.swift */; };
		BACB2D7E2122FE7600D068C9 /* EntryTests.swift in Sources */ = {isa = PBXBuildFile; fileRef = BACB2D7D2122FE7600D068C9 /* EntryTests.swift */; };
		BAD074BB213139D40010833D /* UserDefaultsSettings.swift in Sources */ = {isa = PBXBuildFile; fileRef = BAD074BA213139D40010833D /* UserDefaultsSettings.swift */; };
/* End PBXBuildFile section */

/* Begin PBXContainerItemProxy section */
		BA650ADF210C57D800B1AAD7 /* PBXContainerItemProxy */ = {
			isa = PBXContainerItemProxy;
			containerPortal = BA6B2034210B477F00519C35 /* Project object */;
			proxyType = 1;
			remoteGlobalIDString = BA6B203B210B477F00519C35;
			remoteInfo = Everyday;
		};
/* End PBXContainerItemProxy section */

/* Begin PBXFileReference section */
		0C5CF046CCE5EF71F77293F3 /* Pods_Everyday.framework */ = {isa = PBXFileReference; explicitFileType = wrapper.framework; includeInIndex = 0; path = Pods_Everyday.framework; sourceTree = BUILT_PRODUCTS_DIR; };
		4B458E6583B316841F86BDA6 /* Pods-Everyday.debug.xcconfig */ = {isa = PBXFileReference; includeInIndex = 1; lastKnownFileType = text.xcconfig; name = "Pods-Everyday.debug.xcconfig"; path = "Pods/Target Support Files/Pods-Everyday/Pods-Everyday.debug.xcconfig"; sourceTree = "<group>"; };
		6CE26CFFFD79D7ACC975B722 /* Pods-Everyday.release.xcconfig */ = {isa = PBXFileReference; includeInIndex = 1; lastKnownFileType = text.xcconfig; name = "Pods-Everyday.release.xcconfig"; path = "Pods/Target Support Files/Pods-Everyday/Pods-Everyday.release.xcconfig"; sourceTree = "<group>"; };
		9B5C9012C7CEA9256654B6AA /* Pods-EverydayTests.debug.xcconfig */ = {isa = PBXFileReference; includeInIndex = 1; lastKnownFileType = text.xcconfig; name = "Pods-EverydayTests.debug.xcconfig"; path = "Pods/Target Support Files/Pods-EverydayTests/Pods-EverydayTests.debug.xcconfig"; sourceTree = "<group>"; };
		BA082D912127AE2E00AA7EE5 /* TimelineViewController.swift */ = {isa = PBXFileReference; lastKnownFileType = sourcecode.swift; path = TimelineViewController.swift; sourceTree = "<group>"; };
		BA082D972127BA8D00AA7EE5 /* Environment.swift */ = {isa = PBXFileReference; lastKnownFileType = sourcecode.swift; path = Environment.swift; sourceTree = "<group>"; };
		BA19F96E213A1A99002449AC /* RealmEntryRepository.swift */ = {isa = PBXFileReference; lastKnownFileType = sourcecode.swift; path = RealmEntryRepository.swift; sourceTree = "<group>"; };
		BA3BF8C2213126D700D6DBC5 /* SettingsTableViewController.swift */ = {isa = PBXFileReference; lastKnownFileType = sourcecode.swift; path = SettingsTableViewController.swift; sourceTree = "<group>"; };
		BA3BF8C42131276C00D6DBC5 /* SettingsTableViewViewModel.swift */ = {isa = PBXFileReference; lastKnownFileType = sourcecode.swift; path = SettingsTableViewViewModel.swift; sourceTree = "<group>"; };
		BA3BF8C6213128AF00D6DBC5 /* Settings.swift */ = {isa = PBXFileReference; lastKnownFileType = sourcecode.swift; path = Settings.swift; sourceTree = "<group>"; };
		BA650AD2210C4BC000B1AAD7 /* Entry.swift */ = {isa = PBXFileReference; lastKnownFileType = sourcecode.swift; path = Entry.swift; sourceTree = "<group>"; };
		BA650AD4210C54C400B1AAD7 /* EntryRepository.swift */ = {isa = PBXFileReference; lastKnownFileType = sourcecode.swift; path = EntryRepository.swift; sourceTree = "<group>"; };
		BA650ADA210C57D800B1AAD7 /* EverydayTests.xctest */ = {isa = PBXFileReference; explicitFileType = wrapper.cfbundle; includeInIndex = 0; path = EverydayTests.xctest; sourceTree = BUILT_PRODUCTS_DIR; };
		BA650ADC210C57D800B1AAD7 /* EverydayTests.swift */ = {isa = PBXFileReference; lastKnownFileType = sourcecode.swift; path = EverydayTests.swift; sourceTree = "<group>"; };
		BA650ADE210C57D800B1AAD7 /* Info.plist */ = {isa = PBXFileReference; lastKnownFileType = text.plist.xml; path = Info.plist; sourceTree = "<group>"; };
		BA650AE4211540E700B1AAD7 /* Identifiable.swift */ = {isa = PBXFileReference; lastKnownFileType = sourcecode.swift; path = Identifiable.swift; sourceTree = "<group>"; };
		BA6B203C210B477F00519C35 /* Everyday.app */ = {isa = PBXFileReference; explicitFileType = wrapper.application; includeInIndex = 0; path = Everyday.app; sourceTree = BUILT_PRODUCTS_DIR; };
		BA6B203F210B477F00519C35 /* AppDelegate.swift */ = {isa = PBXFileReference; lastKnownFileType = sourcecode.swift; path = AppDelegate.swift; sourceTree = "<group>"; };
		BA6B2041210B477F00519C35 /* EntryViewController.swift */ = {isa = PBXFileReference; lastKnownFileType = sourcecode.swift; path = EntryViewController.swift; sourceTree = "<group>"; };
		BA6B2044210B477F00519C35 /* Base */ = {isa = PBXFileReference; lastKnownFileType = file.storyboard; name = Base; path = Base.lproj/Main.storyboard; sourceTree = "<group>"; };
		BA6B2049210B478000519C35 /* Base */ = {isa = PBXFileReference; lastKnownFileType = file.storyboard; name = Base; path = Base.lproj/LaunchScreen.storyboard; sourceTree = "<group>"; };
		BA6B204B210B478000519C35 /* Info.plist */ = {isa = PBXFileReference; lastKnownFileType = text.plist.xml; path = Info.plist; sourceTree = "<group>"; };
		BA9ED6FD211EC65F00155C20 /* UIKit+Everyday.swift */ = {isa = PBXFileReference; lastKnownFileType = sourcecode.swift; path = "UIKit+Everyday.swift"; sourceTree = "<group>"; };
		BA9ED701211ECA4D00155C20 /* Assets.xcassets */ = {isa = PBXFileReference; lastKnownFileType = folder.assetcatalog; path = Assets.xcassets; sourceTree = "<group>"; };
		BAA9BA602127F9A0000D5C54 /* EntryTableViewCell.swift */ = {isa = PBXFileReference; lastKnownFileType = sourcecode.swift; path = EntryTableViewCell.swift; sourceTree = "<group>"; };
		BAA9BA622127FEDB000D5C54 /* Foundation+Journal.swift */ = {isa = PBXFileReference; lastKnownFileType = sourcecode.swift; path = "Foundation+Journal.swift"; sourceTree = "<group>"; };
		BABF1FAF2130E642009ED278 /* EntryViewViewModel.swift */ = {isa = PBXFileReference; lastKnownFileType = sourcecode.swift; path = EntryViewViewModel.swift; sourceTree = "<group>"; };
		BABF1FB12130E75B009ED278 /* EntryViewViewModelTests.swift */ = {isa = PBXFileReference; lastKnownFileType = sourcecode.swift; path = EntryViewViewModelTests.swift; sourceTree = "<group>"; };
		BABF1FB321310192009ED278 /* TimelineViewViewModel.swift */ = {isa = PBXFileReference; lastKnownFileType = sourcecode.swift; path = TimelineViewViewModel.swift; sourceTree = "<group>"; };
		BACB2D7D2122FE7600D068C9 /* EntryTests.swift */ = {isa = PBXFileReference; lastKnownFileType = sourcecode.swift; path = EntryTests.swift; sourceTree = "<group>"; };
		BAD074BA213139D40010833D /* UserDefaultsSettings.swift */ = {isa = PBXFileReference; lastKnownFileType = sourcecode.swift; path = UserDefaultsSettings.swift; sourceTree = "<group>"; };
		E727F37A0864021547CC1109 /* Pods_EverydayTests.framework */ = {isa = PBXFileReference; explicitFileType = wrapper.framework; includeInIndex = 0; path = Pods_EverydayTests.framework; sourceTree = BUILT_PRODUCTS_DIR; };
		FC5C830E360BC814557BB7BE /* Pods-EverydayTests.release.xcconfig */ = {isa = PBXFileReference; includeInIndex = 1; lastKnownFileType = text.xcconfig; name = "Pods-EverydayTests.release.xcconfig"; path = "Pods/Target Support Files/Pods-EverydayTests/Pods-EverydayTests.release.xcconfig"; sourceTree = "<group>"; };
/* End PBXFileReference section */

/* Begin PBXFrameworksBuildPhase section */
		BA650AD7210C57D800B1AAD7 /* Frameworks */ = {
			isa = PBXFrameworksBuildPhase;
			buildActionMask = 2147483647;
			files = (
				AE923928ED27132A63F57045 /* Pods_EverydayTests.framework in Frameworks */,
			);
			runOnlyForDeploymentPostprocessing = 0;
		};
		BA6B2039210B477F00519C35 /* Frameworks */ = {
			isa = PBXFrameworksBuildPhase;
			buildActionMask = 2147483647;
			files = (
				7E7686727271753CD928219C /* Pods_Everyday.framework in Frameworks */,
			);
			runOnlyForDeploymentPostprocessing = 0;
		};
/* End PBXFrameworksBuildPhase section */

/* Begin PBXGroup section */
		6147300F0740F0FD00400D39 /* Pods */ = {
			isa = PBXGroup;
			children = (
				4B458E6583B316841F86BDA6 /* Pods-Everyday.debug.xcconfig */,
				6CE26CFFFD79D7ACC975B722 /* Pods-Everyday.release.xcconfig */,
				9B5C9012C7CEA9256654B6AA /* Pods-EverydayTests.debug.xcconfig */,
				FC5C830E360BC814557BB7BE /* Pods-EverydayTests.release.xcconfig */,
			);
			name = Pods;
			sourceTree = "<group>";
		};
		9A87A27262A09A51EAEAA7A8 /* Frameworks */ = {
			isa = PBXGroup;
			children = (
				0C5CF046CCE5EF71F77293F3 /* Pods_Everyday.framework */,
				E727F37A0864021547CC1109 /* Pods_EverydayTests.framework */,
			);
			name = Frameworks;
			sourceTree = "<group>";
		};
		BA650AD1210C4B5800B1AAD7 /* Model */ = {
			isa = PBXGroup;
			children = (
				BA650AD2210C4BC000B1AAD7 /* Entry.swift */,
				BA650AD4210C54C400B1AAD7 /* EntryRepository.swift */,
				BAD074BA213139D40010833D /* UserDefaultsSettings.swift */,
				BA19F96E213A1A99002449AC /* RealmEntryRepository.swift */,
			);
			path = Model;
			sourceTree = "<group>";
		};
		BA650ADB210C57D800B1AAD7 /* EverydayTests */ = {
			isa = PBXGroup;
			children = (
				BA650ADC210C57D800B1AAD7 /* EverydayTests.swift */,
				BACB2D7D2122FE7600D068C9 /* EntryTests.swift */,
				BABF1FB12130E75B009ED278 /* EntryViewViewModelTests.swift */,
				BA650ADE210C57D800B1AAD7 /* Info.plist */,
			);
			path = EverydayTests;
			sourceTree = "<group>";
		};
		BA6B2033210B477F00519C35 = {
			isa = PBXGroup;
			children = (
				BA6B203E210B477F00519C35 /* Everyday */,
				BA650ADB210C57D800B1AAD7 /* EverydayTests */,
				BA6B203D210B477F00519C35 /* Products */,
				6147300F0740F0FD00400D39 /* Pods */,
				9A87A27262A09A51EAEAA7A8 /* Frameworks */,
			);
			sourceTree = "<group>";
		};
		BA6B203D210B477F00519C35 /* Products */ = {
			isa = PBXGroup;
			children = (
				BA6B203C210B477F00519C35 /* Everyday.app */,
				BA650ADA210C57D800B1AAD7 /* EverydayTests.xctest */,
			);
			name = Products;
			sourceTree = "<group>";
		};
		BA6B203E210B477F00519C35 /* Everyday */ = {
			isa = PBXGroup;
			children = (
				BA6B2051210B47B400519C35 /* Sources */,
				BA6B2052210B47C700519C35 /* Storyboards */,
				BA6B2053210B47DC00519C35 /* Resources */,
			);
			path = Everyday;
			sourceTree = "<group>";
		};
		BA6B2051210B47B400519C35 /* Sources */ = {
			isa = PBXGroup;
			children = (
				BA6B2055210B482C00519C35 /* Shared */,
				BA650AD1210C4B5800B1AAD7 /* Model */,
				BA6B2054210B482300519C35 /* Controllers */,
			);
			path = Sources;
			sourceTree = "<group>";
		};
		BA6B2052210B47C700519C35 /* Storyboards */ = {
			isa = PBXGroup;
			children = (
				BA6B2043210B477F00519C35 /* Main.storyboard */,
				BA6B2048210B478000519C35 /* LaunchScreen.storyboard */,
			);
			path = Storyboards;
			sourceTree = "<group>";
		};
		BA6B2053210B47DC00519C35 /* Resources */ = {
			isa = PBXGroup;
			children = (
				BA9ED701211ECA4D00155C20 /* Assets.xcassets */,
				BA6B204B210B478000519C35 /* Info.plist */,
			);
			path = Resources;
			sourceTree = "<group>";
		};
		BA6B2054210B482300519C35 /* Controllers */ = {
			isa = PBXGroup;
			children = (
				BA6B2041210B477F00519C35 /* EntryViewController.swift */,
				BAA9BA602127F9A0000D5C54 /* EntryTableViewCell.swift */,
				BABF1FAF2130E642009ED278 /* EntryViewViewModel.swift */,
				BA082D912127AE2E00AA7EE5 /* TimelineViewController.swift */,
				BABF1FB321310192009ED278 /* TimelineViewViewModel.swift */,
				BA3BF8C2213126D700D6DBC5 /* SettingsTableViewController.swift */,
				BA3BF8C42131276C00D6DBC5 /* SettingsTableViewViewModel.swift */,
			);
			path = Controllers;
			sourceTree = "<group>";
		};
		BA6B2055210B482C00519C35 /* Shared */ = {
			isa = PBXGroup;
			children = (
				BA6B203F210B477F00519C35 /* AppDelegate.swift */,
				BA650AE4211540E700B1AAD7 /* Identifiable.swift */,
				BA9ED6FD211EC65F00155C20 /* UIKit+Everyday.swift */,
				BA082D972127BA8D00AA7EE5 /* Environment.swift */,
				BAA9BA622127FEDB000D5C54 /* Foundation+Journal.swift */,
				BA3BF8C6213128AF00D6DBC5 /* Settings.swift */,
			);
			path = Shared;
			sourceTree = "<group>";
		};
/* End PBXGroup section */

/* Begin PBXNativeTarget section */
		BA650AD9210C57D800B1AAD7 /* EverydayTests */ = {
			isa = PBXNativeTarget;
			buildConfigurationList = BA650AE1210C57D800B1AAD7 /* Build configuration list for PBXNativeTarget "EverydayTests" */;
			buildPhases = (
				F164E37EF0EAD14A4A2750C5 /* [CP] Check Pods Manifest.lock */,
				BA650AD6210C57D800B1AAD7 /* Sources */,
				BA650AD7210C57D800B1AAD7 /* Frameworks */,
				BA650AD8210C57D800B1AAD7 /* Resources */,
				07F66E4BC217D83FCE8E82AB /* [CP] Embed Pods Frameworks */,
			);
			buildRules = (
			);
			dependencies = (
				BA650AE0210C57D800B1AAD7 /* PBXTargetDependency */,
			);
			name = EverydayTests;
			productName = EverydayTests;
			productReference = BA650ADA210C57D800B1AAD7 /* EverydayTests.xctest */;
			productType = "com.apple.product-type.bundle.unit-test";
		};
		BA6B203B210B477F00519C35 /* Everyday */ = {
			isa = PBXNativeTarget;
			buildConfigurationList = BA6B204E210B478000519C35 /* Build configuration list for PBXNativeTarget "Everyday" */;
			buildPhases = (
				BFD846C96CECEFB279B1AF82 /* [CP] Check Pods Manifest.lock */,
				BA6B2038210B477F00519C35 /* Sources */,
				BA6B2039210B477F00519C35 /* Frameworks */,
				BA6B203A210B477F00519C35 /* Resources */,
				6439861733459B8D5A3AF4FE /* [CP] Embed Pods Frameworks */,
			);
			buildRules = (
			);
			dependencies = (
			);
			name = Everyday;
			productName = Everyday;
			productReference = BA6B203C210B477F00519C35 /* Everyday.app */;
			productType = "com.apple.product-type.application";
		};
/* End PBXNativeTarget section */

/* Begin PBXProject section */
		BA6B2034210B477F00519C35 /* Project object */ = {
			isa = PBXProject;
			attributes = {
				LastSwiftUpdateCheck = 0940;
				LastUpgradeCheck = 0940;
				ORGANIZATIONNAME = ksjung;
				TargetAttributes = {
					BA650AD9210C57D800B1AAD7 = {
						CreatedOnToolsVersion = 9.4.1;
						TestTargetID = BA6B203B210B477F00519C35;
					};
					BA6B203B210B477F00519C35 = {
						CreatedOnToolsVersion = 9.4.1;
					};
				};
			};
			buildConfigurationList = BA6B2037210B477F00519C35 /* Build configuration list for PBXProject "Everyday" */;
			compatibilityVersion = "Xcode 9.3";
			developmentRegion = en;
			hasScannedForEncodings = 0;
			knownRegions = (
				en,
				Base,
			);
			mainGroup = BA6B2033210B477F00519C35;
			productRefGroup = BA6B203D210B477F00519C35 /* Products */;
			projectDirPath = "";
			projectRoot = "";
			targets = (
				BA6B203B210B477F00519C35 /* Everyday */,
				BA650AD9210C57D800B1AAD7 /* EverydayTests */,
			);
		};
/* End PBXProject section */

/* Begin PBXResourcesBuildPhase section */
		BA650AD8210C57D800B1AAD7 /* Resources */ = {
			isa = PBXResourcesBuildPhase;
			buildActionMask = 2147483647;
			files = (
			);
			runOnlyForDeploymentPostprocessing = 0;
		};
		BA6B203A210B477F00519C35 /* Resources */ = {
			isa = PBXResourcesBuildPhase;
			buildActionMask = 2147483647;
			files = (
				BA6B204A210B478000519C35 /* LaunchScreen.storyboard in Resources */,
				BA9ED702211ECA4D00155C20 /* Assets.xcassets in Resources */,
				BA6B2045210B477F00519C35 /* Main.storyboard in Resources */,
			);
			runOnlyForDeploymentPostprocessing = 0;
		};
/* End PBXResourcesBuildPhase section */

/* Begin PBXShellScriptBuildPhase section */
		07F66E4BC217D83FCE8E82AB /* [CP] Embed Pods Frameworks */ = {
			isa = PBXShellScriptBuildPhase;
			buildActionMask = 2147483647;
			files = (
			);
			inputPaths = (
				"${SRCROOT}/Pods/Target Support Files/Pods-EverydayTests/Pods-EverydayTests-frameworks.sh",
				"${BUILT_PRODUCTS_DIR}/Nimble/Nimble.framework",
			);
			name = "[CP] Embed Pods Frameworks";
			outputPaths = (
				"${TARGET_BUILD_DIR}/${FRAMEWORKS_FOLDER_PATH}/Nimble.framework",
			);
			runOnlyForDeploymentPostprocessing = 0;
			shellPath = /bin/sh;
			shellScript = "\"${SRCROOT}/Pods/Target Support Files/Pods-EverydayTests/Pods-EverydayTests-frameworks.sh\"\n";
			showEnvVarsInLog = 0;
		};
		6439861733459B8D5A3AF4FE /* [CP] Embed Pods Frameworks */ = {
			isa = PBXShellScriptBuildPhase;
			buildActionMask = 2147483647;
			files = (
			);
			inputPaths = (
				"${SRCROOT}/Pods/Target Support Files/Pods-Everyday/Pods-Everyday-frameworks.sh",
				"${BUILT_PRODUCTS_DIR}/Realm/Realm.framework",
				"${BUILT_PRODUCTS_DIR}/RealmSwift/RealmSwift.framework",
				"${BUILT_PRODUCTS_DIR}/SnapKit/SnapKit.framework",
			);
			name = "[CP] Embed Pods Frameworks";
			outputPaths = (
				"${TARGET_BUILD_DIR}/${FRAMEWORKS_FOLDER_PATH}/Realm.framework",
				"${TARGET_BUILD_DIR}/${FRAMEWORKS_FOLDER_PATH}/RealmSwift.framework",
				"${TARGET_BUILD_DIR}/${FRAMEWORKS_FOLDER_PATH}/SnapKit.framework",
			);
			runOnlyForDeploymentPostprocessing = 0;
			shellPath = /bin/sh;
			shellScript = "\"${SRCROOT}/Pods/Target Support Files/Pods-Everyday/Pods-Everyday-frameworks.sh\"\n";
			showEnvVarsInLog = 0;
		};
		BFD846C96CECEFB279B1AF82 /* [CP] Check Pods Manifest.lock */ = {
			isa = PBXShellScriptBuildPhase;
			buildActionMask = 2147483647;
			files = (
			);
			inputPaths = (
				"${PODS_PODFILE_DIR_PATH}/Podfile.lock",
				"${PODS_ROOT}/Manifest.lock",
			);
			name = "[CP] Check Pods Manifest.lock";
			outputPaths = (
				"$(DERIVED_FILE_DIR)/Pods-Everyday-checkManifestLockResult.txt",
			);
			runOnlyForDeploymentPostprocessing = 0;
			shellPath = /bin/sh;
			shellScript = "diff \"${PODS_PODFILE_DIR_PATH}/Podfile.lock\" \"${PODS_ROOT}/Manifest.lock\" > /dev/null\nif [ $? != 0 ] ; then\n    # print error to STDERR\n    echo \"error: The sandbox is not in sync with the Podfile.lock. Run 'pod install' or update your CocoaPods installation.\" >&2\n    exit 1\nfi\n# This output is used by Xcode 'outputs' to avoid re-running this script phase.\necho \"SUCCESS\" > \"${SCRIPT_OUTPUT_FILE_0}\"\n";
			showEnvVarsInLog = 0;
		};
		F164E37EF0EAD14A4A2750C5 /* [CP] Check Pods Manifest.lock */ = {
			isa = PBXShellScriptBuildPhase;
			buildActionMask = 2147483647;
			files = (
			);
			inputPaths = (
				"${PODS_PODFILE_DIR_PATH}/Podfile.lock",
				"${PODS_ROOT}/Manifest.lock",
			);
			name = "[CP] Check Pods Manifest.lock";
			outputPaths = (
				"$(DERIVED_FILE_DIR)/Pods-EverydayTests-checkManifestLockResult.txt",
			);
			runOnlyForDeploymentPostprocessing = 0;
			shellPath = /bin/sh;
			shellScript = "diff \"${PODS_PODFILE_DIR_PATH}/Podfile.lock\" \"${PODS_ROOT}/Manifest.lock\" > /dev/null\nif [ $? != 0 ] ; then\n    # print error to STDERR\n    echo \"error: The sandbox is not in sync with the Podfile.lock. Run 'pod install' or update your CocoaPods installation.\" >&2\n    exit 1\nfi\n# This output is used by Xcode 'outputs' to avoid re-running this script phase.\necho \"SUCCESS\" > \"${SCRIPT_OUTPUT_FILE_0}\"\n";
			showEnvVarsInLog = 0;
		};
/* End PBXShellScriptBuildPhase section */

/* Begin PBXSourcesBuildPhase section */
		BA650AD6210C57D800B1AAD7 /* Sources */ = {
			isa = PBXSourcesBuildPhase;
			buildActionMask = 2147483647;
			files = (
				BACB2D7E2122FE7600D068C9 /* EntryTests.swift in Sources */,
				BA650ADD210C57D800B1AAD7 /* EverydayTests.swift in Sources */,
				BABF1FB22130E75B009ED278 /* EntryViewViewModelTests.swift in Sources */,
			);
			runOnlyForDeploymentPostprocessing = 0;
		};
		BA6B2038210B477F00519C35 /* Sources */ = {
			isa = PBXSourcesBuildPhase;
			buildActionMask = 2147483647;
			files = (
				BAA9BA632127FEDB000D5C54 /* Foundation+Journal.swift in Sources */,
				BA3BF8C3213126D700D6DBC5 /* SettingsTableViewController.swift in Sources */,
				BA650AD3210C4BC000B1AAD7 /* Entry.swift in Sources */,
				BA082D982127BA8D00AA7EE5 /* Environment.swift in Sources */,
				BA9ED6FE211EC65F00155C20 /* UIKit+Everyday.swift in Sources */,
				BABF1FB02130E642009ED278 /* EntryViewViewModel.swift in Sources */,
				BA6B2042210B477F00519C35 /* EntryViewController.swift in Sources */,
				BA650AD5210C54C400B1AAD7 /* EntryRepository.swift in Sources */,
				BA19F96F213A1A99002449AC /* RealmEntryRepository.swift in Sources */,
				BA082D922127AE2E00AA7EE5 /* TimelineViewController.swift in Sources */,
				BA3BF8C7213128AF00D6DBC5 /* Settings.swift in Sources */,
				BABF1FB421310192009ED278 /* TimelineViewViewModel.swift in Sources */,
				BA3BF8C52131276C00D6DBC5 /* SettingsTableViewViewModel.swift in Sources */,
				BAA9BA612127F9A0000D5C54 /* EntryTableViewCell.swift in Sources */,
				BAD074BB213139D40010833D /* UserDefaultsSettings.swift in Sources */,
				BA650AE5211540E700B1AAD7 /* Identifiable.swift in Sources */,
				BA6B2040210B477F00519C35 /* AppDelegate.swift in Sources */,
			);
			runOnlyForDeploymentPostprocessing = 0;
		};
/* End PBXSourcesBuildPhase section */

/* Begin PBXTargetDependency section */
		BA650AE0210C57D800B1AAD7 /* PBXTargetDependency */ = {
			isa = PBXTargetDependency;
			target = BA6B203B210B477F00519C35 /* Everyday */;
			targetProxy = BA650ADF210C57D800B1AAD7 /* PBXContainerItemProxy */;
		};
/* End PBXTargetDependency section */

/* Begin PBXVariantGroup section */
		BA6B2043210B477F00519C35 /* Main.storyboard */ = {
			isa = PBXVariantGroup;
			children = (
				BA6B2044210B477F00519C35 /* Base */,
			);
			name = Main.storyboard;
			sourceTree = "<group>";
		};
		BA6B2048210B478000519C35 /* LaunchScreen.storyboard */ = {
			isa = PBXVariantGroup;
			children = (
				BA6B2049210B478000519C35 /* Base */,
			);
			name = LaunchScreen.storyboard;
			sourceTree = "<group>";
		};
/* End PBXVariantGroup section */

/* Begin XCBuildConfiguration section */
		BA650AE2210C57D800B1AAD7 /* Debug */ = {
			isa = XCBuildConfiguration;
			baseConfigurationReference = 9B5C9012C7CEA9256654B6AA /* Pods-EverydayTests.debug.xcconfig */;
			buildSettings = {
				BUNDLE_LOADER = "$(TEST_HOST)";
				CODE_SIGN_STYLE = Automatic;
				DEVELOPMENT_TEAM = "";
				INFOPLIST_FILE = EverydayTests/Info.plist;
				IPHONEOS_DEPLOYMENT_TARGET = 11.4;
				LD_RUNPATH_SEARCH_PATHS = (
					"$(inherited)",
					"@executable_path/Frameworks",
					"@loader_path/Frameworks",
				);
				PRODUCT_BUNDLE_IDENTIFIER = ksjung.EverydayTests;
				PRODUCT_NAME = "$(TARGET_NAME)";
				SWIFT_VERSION = 4.0;
				TARGETED_DEVICE_FAMILY = "1,2";
				TEST_HOST = "$(BUILT_PRODUCTS_DIR)/Everyday.app/Everyday";
			};
			name = Debug;
		};
		BA650AE3210C57D800B1AAD7 /* Release */ = {
			isa = XCBuildConfiguration;
			baseConfigurationReference = FC5C830E360BC814557BB7BE /* Pods-EverydayTests.release.xcconfig */;
			buildSettings = {
				BUNDLE_LOADER = "$(TEST_HOST)";
				CODE_SIGN_STYLE = Automatic;
				DEVELOPMENT_TEAM = "";
				INFOPLIST_FILE = EverydayTests/Info.plist;
				IPHONEOS_DEPLOYMENT_TARGET = 11.4;
				LD_RUNPATH_SEARCH_PATHS = (
					"$(inherited)",
					"@executable_path/Frameworks",
					"@loader_path/Frameworks",
				);
				PRODUCT_BUNDLE_IDENTIFIER = ksjung.EverydayTests;
				PRODUCT_NAME = "$(TARGET_NAME)";
				SWIFT_VERSION = 4.0;
				TARGETED_DEVICE_FAMILY = "1,2";
				TEST_HOST = "$(BUILT_PRODUCTS_DIR)/Everyday.app/Everyday";
			};
			name = Release;
		};
		BA6B204C210B478000519C35 /* Debug */ = {
			isa = XCBuildConfiguration;
			buildSettings = {
				ALWAYS_SEARCH_USER_PATHS = NO;
				CLANG_ANALYZER_NONNULL = YES;
				CLANG_ANALYZER_NUMBER_OBJECT_CONVERSION = YES_AGGRESSIVE;
				CLANG_CXX_LANGUAGE_STANDARD = "gnu++14";
				CLANG_CXX_LIBRARY = "libc++";
				CLANG_ENABLE_MODULES = YES;
				CLANG_ENABLE_OBJC_ARC = YES;
				CLANG_ENABLE_OBJC_WEAK = YES;
				CLANG_WARN_BLOCK_CAPTURE_AUTORELEASING = YES;
				CLANG_WARN_BOOL_CONVERSION = YES;
				CLANG_WARN_COMMA = YES;
				CLANG_WARN_CONSTANT_CONVERSION = YES;
				CLANG_WARN_DEPRECATED_OBJC_IMPLEMENTATIONS = YES;
				CLANG_WARN_DIRECT_OBJC_ISA_USAGE = YES_ERROR;
				CLANG_WARN_DOCUMENTATION_COMMENTS = YES;
				CLANG_WARN_EMPTY_BODY = YES;
				CLANG_WARN_ENUM_CONVERSION = YES;
				CLANG_WARN_INFINITE_RECURSION = YES;
				CLANG_WARN_INT_CONVERSION = YES;
				CLANG_WARN_NON_LITERAL_NULL_CONVERSION = YES;
				CLANG_WARN_OBJC_IMPLICIT_RETAIN_SELF = YES;
				CLANG_WARN_OBJC_LITERAL_CONVERSION = YES;
				CLANG_WARN_OBJC_ROOT_CLASS = YES_ERROR;
				CLANG_WARN_RANGE_LOOP_ANALYSIS = YES;
				CLANG_WARN_STRICT_PROTOTYPES = YES;
				CLANG_WARN_SUSPICIOUS_MOVE = YES;
				CLANG_WARN_UNGUARDED_AVAILABILITY = YES_AGGRESSIVE;
				CLANG_WARN_UNREACHABLE_CODE = YES;
				CLANG_WARN__DUPLICATE_METHOD_MATCH = YES;
				CODE_SIGN_IDENTITY = "iPhone Developer";
				COPY_PHASE_STRIP = NO;
				DEBUG_INFORMATION_FORMAT = dwarf;
				ENABLE_STRICT_OBJC_MSGSEND = YES;
				ENABLE_TESTABILITY = YES;
				GCC_C_LANGUAGE_STANDARD = gnu11;
				GCC_DYNAMIC_NO_PIC = NO;
				GCC_NO_COMMON_BLOCKS = YES;
				GCC_OPTIMIZATION_LEVEL = 0;
				GCC_PREPROCESSOR_DEFINITIONS = (
					"DEBUG=1",
					"$(inherited)",
				);
				GCC_WARN_64_TO_32_BIT_CONVERSION = YES;
				GCC_WARN_ABOUT_RETURN_TYPE = YES_ERROR;
				GCC_WARN_UNDECLARED_SELECTOR = YES;
				GCC_WARN_UNINITIALIZED_AUTOS = YES_AGGRESSIVE;
				GCC_WARN_UNUSED_FUNCTION = YES;
				GCC_WARN_UNUSED_VARIABLE = YES;
				IPHONEOS_DEPLOYMENT_TARGET = 11.4;
				MTL_ENABLE_DEBUG_INFO = YES;
				ONLY_ACTIVE_ARCH = YES;
				SDKROOT = iphoneos;
				SWIFT_ACTIVE_COMPILATION_CONDITIONS = DEBUG;
				SWIFT_OPTIMIZATION_LEVEL = "-Onone";
			};
			name = Debug;
		};
		BA6B204D210B478000519C35 /* Release */ = {
			isa = XCBuildConfiguration;
			buildSettings = {
				ALWAYS_SEARCH_USER_PATHS = NO;
				CLANG_ANALYZER_NONNULL = YES;
				CLANG_ANALYZER_NUMBER_OBJECT_CONVERSION = YES_AGGRESSIVE;
				CLANG_CXX_LANGUAGE_STANDARD = "gnu++14";
				CLANG_CXX_LIBRARY = "libc++";
				CLANG_ENABLE_MODULES = YES;
				CLANG_ENABLE_OBJC_ARC = YES;
				CLANG_ENABLE_OBJC_WEAK = YES;
				CLANG_WARN_BLOCK_CAPTURE_AUTORELEASING = YES;
				CLANG_WARN_BOOL_CONVERSION = YES;
				CLANG_WARN_COMMA = YES;
				CLANG_WARN_CONSTANT_CONVERSION = YES;
				CLANG_WARN_DEPRECATED_OBJC_IMPLEMENTATIONS = YES;
				CLANG_WARN_DIRECT_OBJC_ISA_USAGE = YES_ERROR;
				CLANG_WARN_DOCUMENTATION_COMMENTS = YES;
				CLANG_WARN_EMPTY_BODY = YES;
				CLANG_WARN_ENUM_CONVERSION = YES;
				CLANG_WARN_INFINITE_RECURSION = YES;
				CLANG_WARN_INT_CONVERSION = YES;
				CLANG_WARN_NON_LITERAL_NULL_CONVERSION = YES;
				CLANG_WARN_OBJC_IMPLICIT_RETAIN_SELF = YES;
				CLANG_WARN_OBJC_LITERAL_CONVERSION = YES;
				CLANG_WARN_OBJC_ROOT_CLASS = YES_ERROR;
				CLANG_WARN_RANGE_LOOP_ANALYSIS = YES;
				CLANG_WARN_STRICT_PROTOTYPES = YES;
				CLANG_WARN_SUSPICIOUS_MOVE = YES;
				CLANG_WARN_UNGUARDED_AVAILABILITY = YES_AGGRESSIVE;
				CLANG_WARN_UNREACHABLE_CODE = YES;
				CLANG_WARN__DUPLICATE_METHOD_MATCH = YES;
				CODE_SIGN_IDENTITY = "iPhone Developer";
				COPY_PHASE_STRIP = NO;
				DEBUG_INFORMATION_FORMAT = "dwarf-with-dsym";
				ENABLE_NS_ASSERTIONS = NO;
				ENABLE_STRICT_OBJC_MSGSEND = YES;
				GCC_C_LANGUAGE_STANDARD = gnu11;
				GCC_NO_COMMON_BLOCKS = YES;
				GCC_WARN_64_TO_32_BIT_CONVERSION = YES;
				GCC_WARN_ABOUT_RETURN_TYPE = YES_ERROR;
				GCC_WARN_UNDECLARED_SELECTOR = YES;
				GCC_WARN_UNINITIALIZED_AUTOS = YES_AGGRESSIVE;
				GCC_WARN_UNUSED_FUNCTION = YES;
				GCC_WARN_UNUSED_VARIABLE = YES;
				IPHONEOS_DEPLOYMENT_TARGET = 11.4;
				MTL_ENABLE_DEBUG_INFO = NO;
				SDKROOT = iphoneos;
				SWIFT_COMPILATION_MODE = wholemodule;
				SWIFT_OPTIMIZATION_LEVEL = "-O";
				VALIDATE_PRODUCT = YES;
			};
			name = Release;
		};
		BA6B204F210B478000519C35 /* Debug */ = {
			isa = XCBuildConfiguration;
			baseConfigurationReference = 4B458E6583B316841F86BDA6 /* Pods-Everyday.debug.xcconfig */;
			buildSettings = {
				CODE_SIGN_STYLE = Automatic;
				INFOPLIST_FILE = "$(SRCROOT)/Everyday/Resources/Info.plist";
				IPHONEOS_DEPLOYMENT_TARGET = 11.4;
				LD_RUNPATH_SEARCH_PATHS = (
					"$(inherited)",
					"@executable_path/Frameworks",
				);
				PRODUCT_BUNDLE_IDENTIFIER = ksjung.Everyday;
				PRODUCT_NAME = "$(TARGET_NAME)";
				SWIFT_VERSION = 4.0;
				TARGETED_DEVICE_FAMILY = "1,2";
			};
			name = Debug;
		};
		BA6B2050210B478000519C35 /* Release */ = {
			isa = XCBuildConfiguration;
			baseConfigurationReference = 6CE26CFFFD79D7ACC975B722 /* Pods-Everyday.release.xcconfig */;
			buildSettings = {
				CODE_SIGN_STYLE = Automatic;
				INFOPLIST_FILE = "$(SRCROOT)/Everyday/Resources/Info.plist";
				IPHONEOS_DEPLOYMENT_TARGET = 11.4;
				LD_RUNPATH_SEARCH_PATHS = (
					"$(inherited)",
					"@executable_path/Frameworks",
				);
				PRODUCT_BUNDLE_IDENTIFIER = ksjung.Everyday;
				PRODUCT_NAME = "$(TARGET_NAME)";
				SWIFT_VERSION = 4.0;
				TARGETED_DEVICE_FAMILY = "1,2";
			};
			name = Release;
		};
/* End XCBuildConfiguration section */

/* Begin XCConfigurationList section */
		BA650AE1210C57D800B1AAD7 /* Build configuration list for PBXNativeTarget "EverydayTests" */ = {
			isa = XCConfigurationList;
			buildConfigurations = (
				BA650AE2210C57D800B1AAD7 /* Debug */,
				BA650AE3210C57D800B1AAD7 /* Release */,
			);
			defaultConfigurationIsVisible = 0;
			defaultConfigurationName = Release;
		};
		BA6B2037210B477F00519C35 /* Build configuration list for PBXProject "Everyday" */ = {
			isa = XCConfigurationList;
			buildConfigurations = (
				BA6B204C210B478000519C35 /* Debug */,
				BA6B204D210B478000519C35 /* Release */,
			);
			defaultConfigurationIsVisible = 0;
			defaultConfigurationName = Release;
		};
		BA6B204E210B478000519C35 /* Build configuration list for PBXNativeTarget "Everyday" */ = {
			isa = XCConfigurationList;
			buildConfigurations = (
				BA6B204F210B478000519C35 /* Debug */,
				BA6B2050210B478000519C35 /* Release */,
			);
			defaultConfigurationIsVisible = 0;
			defaultConfigurationName = Release;
		};
/* End XCConfigurationList section */
	};
	rootObject = BA6B2034210B477F00519C35 /* Project object */;
}
